
Microsoft Visual Studio Solution File, Format Version 12.00
# Visual Studio Version 16
VisualStudioVersion = 16.0.31019.35
MinimumVisualStudioVersion = 10.0.40219.1
Project("{2150E333-8FDC-42A3-9474-1A3956D46DE8}") = "Services", "Services", "{6DC2CD9E-6373-4C4A-9552-99B353B0CC77}"
EndProject
Project("{2150E333-8FDC-42A3-9474-1A3956D46DE8}") = "Catalog", "Catalog", "{04F3EB28-8371-4C2D-B295-3201517A139E}"
EndProject
Project("{9A19103F-16F7-4668-BE54-9A1E7A4F7556}") = "Catalog.API", "Services\Catalog\Catalog.API\Catalog.API.csproj", "{74EBD79C-24A7-40AB-9930-BE02ECFECEA6}"
EndProject
Project("{E53339B2-1760-4266-BCC7-CA923CBCF16C}") = "docker-compose", "docker-compose.dcproj", "{1F8D57FE-8D87-4644-A42D-370339562605}"
EndProject
Project("{2150E333-8FDC-42A3-9474-1A3956D46DE8}") = "Basket", "Basket", "{56A30D4A-1792-4059-9475-BB90564ECB1D}"
EndProject
Project("{9A19103F-16F7-4668-BE54-9A1E7A4F7556}") = "Basket.API", "Services\Basket\Basket.API\Basket.API.csproj", "{C255DB52-F69D-43B6-A58C-FF4332863708}"
EndProject
Project("{2150E333-8FDC-42A3-9474-1A3956D46DE8}") = "Discount", "Discount", "{580B15A0-F961-4A2B-B66D-398668EA130F}"
EndProject
Project("{9A19103F-16F7-4668-BE54-9A1E7A4F7556}") = "Discount.API", "Services\Discount\Discount.API\Discount.API.csproj", "{E48C14EE-4EB9-42BB-8D8F-64D08CF3362B}"
EndProject
Project("{9A19103F-16F7-4668-BE54-9A1E7A4F7556}") = "Discount.Grpc", "Services\Discount\Discount.Grpc\Discount.Grpc.csproj", "{5EF009C3-A52C-4FF3-A589-4F735609E982}"
EndProject
Project("{2150E333-8FDC-42A3-9474-1A3956D46DE8}") = "Ordering", "Ordering", "{B001F991-2A96-4D6B-9C5A-9213A0306380}"
EndProject
Project("{9A19103F-16F7-4668-BE54-9A1E7A4F7556}") = "Ordering.API", "Services\Ordering\Ordering.API\Ordering.API.csproj", "{7DE7A923-1A1C-46A4-B5CD-AE9F952D483A}"
EndProject
Project("{9A19103F-16F7-4668-BE54-9A1E7A4F7556}") = "Ordering.Domain", "Services\Ordering\Ordering.Domain\Ordering.Domain.csproj", "{6469EE76-108C-4000-8FD6-F63D3F504A7D}"
EndProject
Project("{9A19103F-16F7-4668-BE54-9A1E7A4F7556}") = "Ordering.Application", "Services\Ordering\Ordering.Application\Ordering.Application.csproj", "{E605E52D-0229-4718-8467-BD86E6D8AA67}"
EndProject
Project("{9A19103F-16F7-4668-BE54-9A1E7A4F7556}") = "Ordering.Infrastructure", "Services\Ordering\Ordering.Infrastructure\Ordering.Infrastructure.csproj", "{793DB25A-596F-4CDE-8C43-FE4C21E86B9D}"
EndProject
Project("{2150E333-8FDC-42A3-9474-1A3956D46DE8}") = "BuildingBlocks", "BuildingBlocks", "{6C6767F5-844A-4216-88DD-DC14C7C37F31}"
EndProject
Project("{9A19103F-16F7-4668-BE54-9A1E7A4F7556}") = "EventBus.Messages", "BuildingBlocks\EventBus.Messages\EventBus.Messages.csproj", "{B64070AE-728B-48C0-9585-36A0DBB8225E}"
EndProject
Project("{2150E333-8FDC-42A3-9474-1A3956D46DE8}") = "ApiGateways", "ApiGateways", "{9EF28A6D-038A-4DB2-A3E1-F1AED1B74A08}"
EndProject
Project("{FAE04EC0-301F-11D3-BF4B-00C04F79EFBC}") = "OcelotApiGw", "ApiGateways\OcelotApiGw\OcelotApiGw.csproj", "{05DDF4DD-E42B-4768-A102-E9C87EE3DA83}"
EndProject
Global
	GlobalSection(SolutionConfigurationPlatforms) = preSolution
		Debug|Any CPU = Debug|Any CPU
		Release|Any CPU = Release|Any CPU
	EndGlobalSection
	GlobalSection(ProjectConfigurationPlatforms) = postSolution
		{74EBD79C-24A7-40AB-9930-BE02ECFECEA6}.Debug|Any CPU.ActiveCfg = Debug|Any CPU
		{74EBD79C-24A7-40AB-9930-BE02ECFECEA6}.Debug|Any CPU.Build.0 = Debug|Any CPU
		{74EBD79C-24A7-40AB-9930-BE02ECFECEA6}.Release|Any CPU.ActiveCfg = Release|Any CPU
		{74EBD79C-24A7-40AB-9930-BE02ECFECEA6}.Release|Any CPU.Build.0 = Release|Any CPU
		{1F8D57FE-8D87-4644-A42D-370339562605}.Debug|Any CPU.ActiveCfg = Debug|Any CPU
		{1F8D57FE-8D87-4644-A42D-370339562605}.Debug|Any CPU.Build.0 = Debug|Any CPU
		{1F8D57FE-8D87-4644-A42D-370339562605}.Release|Any CPU.ActiveCfg = Release|Any CPU
		{1F8D57FE-8D87-4644-A42D-370339562605}.Release|Any CPU.Build.0 = Release|Any CPU
		{C255DB52-F69D-43B6-A58C-FF4332863708}.Debug|Any CPU.ActiveCfg = Debug|Any CPU
		{C255DB52-F69D-43B6-A58C-FF4332863708}.Debug|Any CPU.Build.0 = Debug|Any CPU
		{C255DB52-F69D-43B6-A58C-FF4332863708}.Release|Any CPU.ActiveCfg = Release|Any CPU
		{C255DB52-F69D-43B6-A58C-FF4332863708}.Release|Any CPU.Build.0 = Release|Any CPU
		{E48C14EE-4EB9-42BB-8D8F-64D08CF3362B}.Debug|Any CPU.ActiveCfg = Debug|Any CPU
		{E48C14EE-4EB9-42BB-8D8F-64D08CF3362B}.Debug|Any CPU.Build.0 = Debug|Any CPU
		{E48C14EE-4EB9-42BB-8D8F-64D08CF3362B}.Release|Any CPU.ActiveCfg = Release|Any CPU
		{E48C14EE-4EB9-42BB-8D8F-64D08CF3362B}.Release|Any CPU.Build.0 = Release|Any CPU
		{5EF009C3-A52C-4FF3-A589-4F735609E982}.Debug|Any CPU.ActiveCfg = Debug|Any CPU
		{5EF009C3-A52C-4FF3-A589-4F735609E982}.Debug|Any CPU.Build.0 = Debug|Any CPU
		{5EF009C3-A52C-4FF3-A589-4F735609E982}.Release|Any CPU.ActiveCfg = Release|Any CPU
		{5EF009C3-A52C-4FF3-A589-4F735609E982}.Release|Any CPU.Build.0 = Release|Any CPU
		{7DE7A923-1A1C-46A4-B5CD-AE9F952D483A}.Debug|Any CPU.ActiveCfg = Debug|Any CPU
		{7DE7A923-1A1C-46A4-B5CD-AE9F952D483A}.Debug|Any CPU.Build.0 = Debug|Any CPU
		{7DE7A923-1A1C-46A4-B5CD-AE9F952D483A}.Release|Any CPU.ActiveCfg = Release|Any CPU
		{7DE7A923-1A1C-46A4-B5CD-AE9F952D483A}.Release|Any CPU.Build.0 = Release|Any CPU
		{6469EE76-108C-4000-8FD6-F63D3F504A7D}.Debug|Any CPU.ActiveCfg = Debug|Any CPU
		{6469EE76-108C-4000-8FD6-F63D3F504A7D}.Debug|Any CPU.Build.0 = Debug|Any CPU
		{6469EE76-108C-4000-8FD6-F63D3F504A7D}.Release|Any CPU.ActiveCfg = Release|Any CPU
		{6469EE76-108C-4000-8FD6-F63D3F504A7D}.Release|Any CPU.Build.0 = Release|Any CPU
		{E605E52D-0229-4718-8467-BD86E6D8AA67}.Debug|Any CPU.ActiveCfg = Debug|Any CPU
		{E605E52D-0229-4718-8467-BD86E6D8AA67}.Debug|Any CPU.Build.0 = Debug|Any CPU
		{E605E52D-0229-4718-8467-BD86E6D8AA67}.Release|Any CPU.ActiveCfg = Release|Any CPU
		{E605E52D-0229-4718-8467-BD86E6D8AA67}.Release|Any CPU.Build.0 = Release|Any CPU
		{793DB25A-596F-4CDE-8C43-FE4C21E86B9D}.Debug|Any CPU.ActiveCfg = Debug|Any CPU
		{793DB25A-596F-4CDE-8C43-FE4C21E86B9D}.Debug|Any CPU.Build.0 = Debug|Any CPU
		{793DB25A-596F-4CDE-8C43-FE4C21E86B9D}.Release|Any CPU.ActiveCfg = Release|Any CPU
		{793DB25A-596F-4CDE-8C43-FE4C21E86B9D}.Release|Any CPU.Build.0 = Release|Any CPU
		{B64070AE-728B-48C0-9585-36A0DBB8225E}.Debug|Any CPU.ActiveCfg = Debug|Any CPU
		{B64070AE-728B-48C0-9585-36A0DBB8225E}.Debug|Any CPU.Build.0 = Debug|Any CPU
		{B64070AE-728B-48C0-9585-36A0DBB8225E}.Release|Any CPU.ActiveCfg = Release|Any CPU
		{B64070AE-728B-48C0-9585-36A0DBB8225E}.Release|Any CPU.Build.0 = Release|Any CPU
		{05DDF4DD-E42B-4768-A102-E9C87EE3DA83}.Debug|Any CPU.ActiveCfg = Debug|Any CPU
		{05DDF4DD-E42B-4768-A102-E9C87EE3DA83}.Debug|Any CPU.Build.0 = Debug|Any CPU
		{05DDF4DD-E42B-4768-A102-E9C87EE3DA83}.Release|Any CPU.ActiveCfg = Release|Any CPU
		{05DDF4DD-E42B-4768-A102-E9C87EE3DA83}.Release|Any CPU.Build.0 = Release|Any CPU
	EndGlobalSection
	GlobalSection(SolutionProperties) = preSolution
		HideSolutionNode = FALSE
	EndGlobalSection
	GlobalSection(NestedProjects) = preSolution
		{04F3EB28-8371-4C2D-B295-3201517A139E} = {6DC2CD9E-6373-4C4A-9552-99B353B0CC77}
		{74EBD79C-24A7-40AB-9930-BE02ECFECEA6} = {04F3EB28-8371-4C2D-B295-3201517A139E}
		{56A30D4A-1792-4059-9475-BB90564ECB1D} = {6DC2CD9E-6373-4C4A-9552-99B353B0CC77}
		{C255DB52-F69D-43B6-A58C-FF4332863708} = {56A30D4A-1792-4059-9475-BB90564ECB1D}
		{580B15A0-F961-4A2B-B66D-398668EA130F} = {6DC2CD9E-6373-4C4A-9552-99B353B0CC77}
		{E48C14EE-4EB9-42BB-8D8F-64D08CF3362B} = {580B15A0-F961-4A2B-B66D-398668EA130F}
		{5EF009C3-A52C-4FF3-A589-4F735609E982} = {580B15A0-F961-4A2B-B66D-398668EA130F}
		{B001F991-2A96-4D6B-9C5A-9213A0306380} = {6DC2CD9E-6373-4C4A-9552-99B353B0CC77}
		{7DE7A923-1A1C-46A4-B5CD-AE9F952D483A} = {B001F991-2A96-4D6B-9C5A-9213A0306380}
		{6469EE76-108C-4000-8FD6-F63D3F504A7D} = {B001F991-2A96-4D6B-9C5A-9213A0306380}
		{E605E52D-0229-4718-8467-BD86E6D8AA67} = {B001F991-2A96-4D6B-9C5A-9213A0306380}
		{793DB25A-596F-4CDE-8C43-FE4C21E86B9D} = {B001F991-2A96-4D6B-9C5A-9213A0306380}
		{B64070AE-728B-48C0-9585-36A0DBB8225E} = {6C6767F5-844A-4216-88DD-DC14C7C37F31}
		{05DDF4DD-E42B-4768-A102-E9C87EE3DA83} = {9EF28A6D-038A-4DB2-A3E1-F1AED1B74A08}
	EndGlobalSection
	GlobalSection(ExtensibilityGlobals) = postSolution
		SolutionGuid = {30E6CDCC-F877-4C31-9F5B-44BE2E191F08}
	EndGlobalSection
EndGlobal
