
Microsoft Visual Studio Solution File, Format Version 12.00
# Visual Studio Version 16
VisualStudioVersion = 16.0.31019.35
MinimumVisualStudioVersion = 10.0.40219.1
Project("{2150E333-8FDC-42A3-9474-1A3956D46DE8}") = "Services", "Services", "{6DC2CD9E-6373-4C4A-9552-99B353B0CC77}"
EndProject
Project("{2150E333-8FDC-42A3-9474-1A3956D46DE8}") = "Catalog", "Catalog", "{04F3EB28-8371-4C2D-B295-3201517A139E}"
EndProject
Project("{9A19103F-16F7-4668-BE54-9A1E7A4F7556}") = "Catalog.API", "Services\Catalog\Catalog.API\Catalog.API.csproj", "{74EBD79C-24A7-40AB-9930-BE02ECFECEA6}"
EndProject
Project("{E53339B2-1760-4266-BCC7-CA923CBCF16C}") = "docker-compose", "docker-compose.dcproj", "{1F8D57FE-8D87-4644-A42D-370339562605}"
EndProject
Global
	GlobalSection(SolutionConfigurationPlatforms) = preSolution
		Debug|Any CPU = Debug|Any CPU
		Release|Any CPU = Release|Any CPU
	EndGlobalSection
	GlobalSection(ProjectConfigurationPlatforms) = postSolution
		{74EBD79C-24A7-40AB-9930-BE02ECFECEA6}.Debug|Any CPU.ActiveCfg = Debug|Any CPU
		{74EBD79C-24A7-40AB-9930-BE02ECFECEA6}.Debug|Any CPU.Build.0 = Debug|Any CPU
		{74EBD79C-24A7-40AB-9930-BE02ECFECEA6}.Release|Any CPU.ActiveCfg = Release|Any CPU
		{74EBD79C-24A7-40AB-9930-BE02ECFECEA6}.Release|Any CPU.Build.0 = Release|Any CPU
		{1F8D57FE-8D87-4644-A42D-370339562605}.Debug|Any CPU.ActiveCfg = Debug|Any CPU
		{1F8D57FE-8D87-4644-A42D-370339562605}.Debug|Any CPU.Build.0 = Debug|Any CPU
		{1F8D57FE-8D87-4644-A42D-370339562605}.Release|Any CPU.ActiveCfg = Release|Any CPU
		{1F8D57FE-8D87-4644-A42D-370339562605}.Release|Any CPU.Build.0 = Release|Any CPU
	EndGlobalSection
	GlobalSection(SolutionProperties) = preSolution
		HideSolutionNode = FALSE
	EndGlobalSection
	GlobalSection(NestedProjects) = preSolution
		{04F3EB28-8371-4C2D-B295-3201517A139E} = {6DC2CD9E-6373-4C4A-9552-99B353B0CC77}
		{74EBD79C-24A7-40AB-9930-BE02ECFECEA6} = {04F3EB28-8371-4C2D-B295-3201517A139E}
	EndGlobalSection
	GlobalSection(ExtensibilityGlobals) = postSolution
		SolutionGuid = {30E6CDCC-F877-4C31-9F5B-44BE2E191F08}
	EndGlobalSection
EndGlobal
